{
  "name": "cinny-mobile",
  "version": "0.0.0",
  "lockfileVersion": 2,
  "requires": true,
  "packages": {
    "": {
      "name": "cinny-mobile",
      "version": "0.0.0",
      "dependencies": {
        "@tauri-apps/api": "^2.0.0-alpha.0"
      },
      "devDependencies": {
        "@tauri-apps/cli": "^2.0.0-alpha.1"
      }
    },
    "node_modules/@tauri-apps/api": {
      "version": "2.0.0-alpha.0",
      "resolved": "https://registry.npmjs.org/@tauri-apps/api/-/api-2.0.0-alpha.0.tgz",
      "integrity": "sha512-PQdy1Ao6JwKwW2/C11nP+IqnrWHB7+UgbM71zbzA1W3+1yyd9Zg+K7rzZ7f3yhvD7kdxmXUN3KgSfGeiDFzZ2A==",
      "engines": {
        "node": ">= 14.6.0",
        "npm": ">= 6.6.0",
        "yarn": ">= 1.19.1"
      },
      "funding": {
        "type": "opencollective",
        "url": "https://opencollective.com/tauri"
      }
    },
    "node_modules/@tauri-apps/cli": {
      "version": "2.0.0-alpha.1",
      "resolved": "https://registry.npmjs.org/@tauri-apps/cli/-/cli-2.0.0-alpha.1.tgz",
      "integrity": "sha512-My83jBHU7BZpbaUVZkVHoYIqqLvhVBDxi/m5NWoAu81DP/kSjPQs5D87oWhWtOnuM6pJT5s+letKNPs9y4KM2Q==",
      "dev": true,
      "bin": {
        "tauri": "tauri.js"
      },
      "engines": {
        "node": ">= 10"
      },
      "funding": {
        "type": "opencollective",
        "url": "https://opencollective.com/tauri"
      },
      "optionalDependencies": {
        "@tauri-apps/cli-darwin-arm64": "2.0.0-alpha.1",
        "@tauri-apps/cli-darwin-x64": "2.0.0-alpha.1",
        "@tauri-apps/cli-linux-arm-gnueabihf": "2.0.0-alpha.1",
        "@tauri-apps/cli-linux-arm64-gnu": "2.0.0-alpha.1",
        "@tauri-apps/cli-linux-arm64-musl": "2.0.0-alpha.1",
        "@tauri-apps/cli-linux-x64-gnu": "2.0.0-alpha.1",
        "@tauri-apps/cli-linux-x64-musl": "2.0.0-alpha.1",
        "@tauri-apps/cli-win32-ia32-msvc": "2.0.0-alpha.1",
        "@tauri-apps/cli-win32-x64-msvc": "2.0.0-alpha.1"
      }
    },
    "node_modules/@tauri-apps/cli-darwin-arm64": {
      "version": "2.0.0-alpha.1",
      "resolved": "https://registry.npmjs.org/@tauri-apps/cli-darwin-arm64/-/cli-darwin-arm64-2.0.0-alpha.1.tgz",
      "integrity": "sha512-FCkki6IHWfMmRKhBVGctcg0C+ZLsNSrItNd2+qSpUgCgxQep67kClWG1kzkydMBrIgg9lc4TzzK/bSPcXTEstg==",
      "cpu": [
        "arm64"
      ],
      "dev": true,
      "optional": true,
      "os": [
        "darwin"
      ],
      "engines": {
        "node": ">= 10"
      }
    },
    "node_modules/@tauri-apps/cli-darwin-x64": {
      "version": "2.0.0-alpha.1",
      "resolved": "https://registry.npmjs.org/@tauri-apps/cli-darwin-x64/-/cli-darwin-x64-2.0.0-alpha.1.tgz",
      "integrity": "sha512-cmnJzgWgCvau8iH8ZjQKmmjIaEWaLNDTIhOe8z21//GsR3Zd5TbyoPuNtH2Kysn05ijJQHOKbqyfV20C7cQCBQ==",
      "cpu": [
        "x64"
      ],
      "dev": true,
      "optional": true,
      "os": [
        "darwin"
      ],
      "engines": {
        "node": ">= 10"
      }
    },
    "node_modules/@tauri-apps/cli-linux-arm-gnueabihf": {
      "version": "2.0.0-alpha.1",
      "resolved": "https://registry.npmjs.org/@tauri-apps/cli-linux-arm-gnueabihf/-/cli-linux-arm-gnueabihf-2.0.0-alpha.1.tgz",
      "integrity": "sha512-IVJLTOV/kHAFFthPww1Jz67KerbYjf9Oe1TQFEqzhEKgFgpYMx+WGhm//VIDeoc2MYc9Ku4AnJkCSHpyG0OosQ==",
      "cpu": [
        "arm"
      ],
      "dev": true,
      "optional": true,
      "os": [
        "linux"
      ],
      "engines": {
        "node": ">= 10"
      }
    },
    "node_modules/@tauri-apps/cli-linux-arm64-gnu": {
      "version": "2.0.0-alpha.1",
      "resolved": "https://registry.npmjs.org/@tauri-apps/cli-linux-arm64-gnu/-/cli-linux-arm64-gnu-2.0.0-alpha.1.tgz",
      "integrity": "sha512-q7gArWxc77KkhHy5vbdrwYdxtE3zXoc9MR1Y4ueKadpXxIjvT68CC+AJ1OM2hBggnWRzD0aJ0H/Y+4Da/Y9jYA==",
      "cpu": [
        "arm64"
      ],
      "dev": true,
      "optional": true,
      "os": [
        "linux"
      ],
      "engines": {
        "node": ">= 10"
      }
    },
    "node_modules/@tauri-apps/cli-linux-arm64-musl": {
      "version": "2.0.0-alpha.1",
      "resolved": "https://registry.npmjs.org/@tauri-apps/cli-linux-arm64-musl/-/cli-linux-arm64-musl-2.0.0-alpha.1.tgz",
      "integrity": "sha512-gdP6w1on1V80zTwMJQ1S/ucYqIvhdjpUMCswlCw33uQS/CMeYhdJYt1aSIDACBWo/IwkCF3MLeeFkK1QLwJLmg==",
      "cpu": [
        "arm64"
      ],
      "dev": true,
      "optional": true,
      "os": [
        "linux"
      ],
      "engines": {
        "node": ">= 10"
      }
    },
    "node_modules/@tauri-apps/cli-linux-x64-gnu": {
      "version": "2.0.0-alpha.1",
      "resolved": "https://registry.npmjs.org/@tauri-apps/cli-linux-x64-gnu/-/cli-linux-x64-gnu-2.0.0-alpha.1.tgz",
      "integrity": "sha512-ZvSrO52Fa4pVbR7u0BWrroDMsmtRayry3bYnGMkPX/USplKiGG0IXnwcmgaMK0QaXMDSumoSxuINixV5QqjPZA==",
      "cpu": [
        "x64"
      ],
      "dev": true,
      "optional": true,
      "os": [
        "linux"
      ],
      "engines": {
        "node": ">= 10"
      }
    },
    "node_modules/@tauri-apps/cli-linux-x64-musl": {
      "version": "2.0.0-alpha.1",
      "resolved": "https://registry.npmjs.org/@tauri-apps/cli-linux-x64-musl/-/cli-linux-x64-musl-2.0.0-alpha.1.tgz",
      "integrity": "sha512-KtIrVtK9gDcWCNHs3kST6UWrHbnNNbKzVcVC4dgX59zBPta3TrjGs4nAIkbHPyX8hbWx+6IuuqvRnp9KTCfE+A==",
      "cpu": [
        "x64"
      ],
      "dev": true,
      "optional": true,
      "os": [
        "linux"
      ],
      "engines": {
        "node": ">= 10"
      }
    },
    "node_modules/@tauri-apps/cli-win32-ia32-msvc": {
      "version": "2.0.0-alpha.1",
      "resolved": "https://registry.npmjs.org/@tauri-apps/cli-win32-ia32-msvc/-/cli-win32-ia32-msvc-2.0.0-alpha.1.tgz",
      "integrity": "sha512-NqI3wMO/ASnmwNW9DObzVfT4ldSEa1WzZ++JJxwBKqyriWdSUmCLx0KqttxlgGALqeECrd/BKIQijg7mt4mpxw==",
      "cpu": [
        "ia32"
      ],
      "dev": true,
      "optional": true,
      "os": [
        "win32"
      ],
      "engines": {
        "node": ">= 10"
      }
    },
    "node_modules/@tauri-apps/cli-win32-x64-msvc": {
      "version": "2.0.0-alpha.1",
      "resolved": "https://registry.npmjs.org/@tauri-apps/cli-win32-x64-msvc/-/cli-win32-x64-msvc-2.0.0-alpha.1.tgz",
      "integrity": "sha512-cvAkOWtY9G07nbrhjmyqobZxj/kQxzZXscCXvqORx+i0GXuG8n7MR54GJQKQeQpnMNNBLi+YcQtWBLOYRqweAw==",
      "cpu": [
        "x64"
      ],
      "dev": true,
      "optional": true,
      "os": [
        "win32"
      ],
      "engines": {
        "node": ">= 10"
      }
    }
  },
  "dependencies": {
    "@tauri-apps/api": {
      "version": "2.0.0-alpha.0",
      "resolved": "https://registry.npmjs.org/@tauri-apps/api/-/api-2.0.0-alpha.0.tgz",
      "integrity": "sha512-PQdy1Ao6JwKwW2/C11nP+IqnrWHB7+UgbM71zbzA1W3+1yyd9Zg+K7rzZ7f3yhvD7kdxmXUN3KgSfGeiDFzZ2A=="
    },
    "@tauri-apps/cli": {
      "version": "2.0.0-alpha.1",
      "resolved": "https://registry.npmjs.org/@tauri-apps/cli/-/cli-2.0.0-alpha.1.tgz",
      "integrity": "sha512-My83jBHU7BZpbaUVZkVHoYIqqLvhVBDxi/m5NWoAu81DP/kSjPQs5D87oWhWtOnuM6pJT5s+letKNPs9y4KM2Q==",
      "dev": true,
      "requires": {
        "@tauri-apps/cli-darwin-arm64": "2.0.0-alpha.1",
        "@tauri-apps/cli-darwin-x64": "2.0.0-alpha.1",
        "@tauri-apps/cli-linux-arm-gnueabihf": "2.0.0-alpha.1",
        "@tauri-apps/cli-linux-arm64-gnu": "2.0.0-alpha.1",
        "@tauri-apps/cli-linux-arm64-musl": "2.0.0-alpha.1",
        "@tauri-apps/cli-linux-x64-gnu": "2.0.0-alpha.1",
        "@tauri-apps/cli-linux-x64-musl": "2.0.0-alpha.1",
        "@tauri-apps/cli-win32-ia32-msvc": "2.0.0-alpha.1",
        "@tauri-apps/cli-win32-x64-msvc": "2.0.0-alpha.1"
      }
    },
    "@tauri-apps/cli-darwin-arm64": {
      "version": "2.0.0-alpha.1",
      "resolved": "https://registry.npmjs.org/@tauri-apps/cli-darwin-arm64/-/cli-darwin-arm64-2.0.0-alpha.1.tgz",
      "integrity": "sha512-FCkki6IHWfMmRKhBVGctcg0C+ZLsNSrItNd2+qSpUgCgxQep67kClWG1kzkydMBrIgg9lc4TzzK/bSPcXTEstg==",
      "dev": true,
      "optional": true
    },
    "@tauri-apps/cli-darwin-x64": {
      "version": "2.0.0-alpha.1",
      "resolved": "https://registry.npmjs.org/@tauri-apps/cli-darwin-x64/-/cli-darwin-x64-2.0.0-alpha.1.tgz",
      "integrity": "sha512-cmnJzgWgCvau8iH8ZjQKmmjIaEWaLNDTIhOe8z21//GsR3Zd5TbyoPuNtH2Kysn05ijJQHOKbqyfV20C7cQCBQ==",
      "dev": true,
      "optional": true
    },
    "@tauri-apps/cli-linux-arm-gnueabihf": {
      "version": "2.0.0-alpha.1",
      "resolved": "https://registry.npmjs.org/@tauri-apps/cli-linux-arm-gnueabihf/-/cli-linux-arm-gnueabihf-2.0.0-alpha.1.tgz",
      "integrity": "sha512-IVJLTOV/kHAFFthPww1Jz67KerbYjf9Oe1TQFEqzhEKgFgpYMx+WGhm//VIDeoc2MYc9Ku4AnJkCSHpyG0OosQ==",
      "dev": true,
      "optional": true
    },
    "@tauri-apps/cli-linux-arm64-gnu": {
      "version": "2.0.0-alpha.1",
      "resolved": "https://registry.npmjs.org/@tauri-apps/cli-linux-arm64-gnu/-/cli-linux-arm64-gnu-2.0.0-alpha.1.tgz",
      "integrity": "sha512-q7gArWxc77KkhHy5vbdrwYdxtE3zXoc9MR1Y4ueKadpXxIjvT68CC+AJ1OM2hBggnWRzD0aJ0H/Y+4Da/Y9jYA==",
      "dev": true,
      "optional": true
    },
    "@tauri-apps/cli-linux-arm64-musl": {
      "version": "2.0.0-alpha.1",
      "resolved": "https://registry.npmjs.org/@tauri-apps/cli-linux-arm64-musl/-/cli-linux-arm64-musl-2.0.0-alpha.1.tgz",
      "integrity": "sha512-gdP6w1on1V80zTwMJQ1S/ucYqIvhdjpUMCswlCw33uQS/CMeYhdJYt1aSIDACBWo/IwkCF3MLeeFkK1QLwJLmg==",
      "dev": true,
      "optional": true
    },
    "@tauri-apps/cli-linux-x64-gnu": {
      "version": "2.0.0-alpha.1",
      "resolved": "https://registry.npmjs.org/@tauri-apps/cli-linux-x64-gnu/-/cli-linux-x64-gnu-2.0.0-alpha.1.tgz",
      "integrity": "sha512-ZvSrO52Fa4pVbR7u0BWrroDMsmtRayry3bYnGMkPX/USplKiGG0IXnwcmgaMK0QaXMDSumoSxuINixV5QqjPZA==",
      "dev": true,
      "optional": true
    },
    "@tauri-apps/cli-linux-x64-musl": {
      "version": "2.0.0-alpha.1",
      "resolved": "https://registry.npmjs.org/@tauri-apps/cli-linux-x64-musl/-/cli-linux-x64-musl-2.0.0-alpha.1.tgz",
      "integrity": "sha512-KtIrVtK9gDcWCNHs3kST6UWrHbnNNbKzVcVC4dgX59zBPta3TrjGs4nAIkbHPyX8hbWx+6IuuqvRnp9KTCfE+A==",
      "dev": true,
      "optional": true
    },
    "@tauri-apps/cli-win32-ia32-msvc": {
      "version": "2.0.0-alpha.1",
      "resolved": "https://registry.npmjs.org/@tauri-apps/cli-win32-ia32-msvc/-/cli-win32-ia32-msvc-2.0.0-alpha.1.tgz",
      "integrity": "sha512-NqI3wMO/ASnmwNW9DObzVfT4ldSEa1WzZ++JJxwBKqyriWdSUmCLx0KqttxlgGALqeECrd/BKIQijg7mt4mpxw==",
      "dev": true,
      "optional": true
    },
    "@tauri-apps/cli-win32-x64-msvc": {
      "version": "2.0.0-alpha.1",
      "resolved": "https://registry.npmjs.org/@tauri-apps/cli-win32-x64-msvc/-/cli-win32-x64-msvc-2.0.0-alpha.1.tgz",
      "integrity": "sha512-cvAkOWtY9G07nbrhjmyqobZxj/kQxzZXscCXvqORx+i0GXuG8n7MR54GJQKQeQpnMNNBLi+YcQtWBLOYRqweAw==",
      "dev": true,
      "optional": true
    }
  }
}
